
Microsoft Visual Studio Solution File, Format Version 12.00
# Visual Studio Version 17
VisualStudioVersion = 17.10.35013.160
MinimumVisualStudioVersion = 10.0.40219.1
Project("{9A19103F-16F7-4668-BE54-9A1E7A4F7556}") = "WeddingPhotoHub", "WeddingPhotoHub\WeddingPhotoHub.csproj", "{ECED47FC-B97B-4D30-B2E8-C4A8B4169D0D}"
EndProject
Global
	GlobalSection(SolutionConfigurationPlatforms) = preSolution
		Debug|Any CPU = Debug|Any CPU
		Release|Any CPU = Release|Any CPU
	EndGlobalSection
	GlobalSection(ProjectConfigurationPlatforms) = postSolution
		{ECED47FC-B97B-4D30-B2E8-C4A8B4169D0D}.Debug|Any CPU.ActiveCfg = Debug|Any CPU
		{ECED47FC-B97B-4D30-B2E8-C4A8B4169D0D}.Debug|Any CPU.Build.0 = Debug|Any CPU
		{ECED47FC-B97B-4D30-B2E8-C4A8B4169D0D}.Release|Any CPU.ActiveCfg = Release|Any CPU
		{ECED47FC-B97B-4D30-B2E8-C4A8B4169D0D}.Release|Any CPU.Build.0 = Release|Any CPU
	EndGlobalSection
	GlobalSection(SolutionProperties) = preSolution
		HideSolutionNode = FALSE
	EndGlobalSection
	GlobalSection(ExtensibilityGlobals) = postSolution
		SolutionGuid = {02B19632-125C-46D0-BA44-1788C54F3B97}
	EndGlobalSection
EndGlobal
